
Microsoft Visual Studio Solution File, Format Version 11.00
# Visual Studio 2010
Project("{FAE04EC0-301F-11D3-BF4B-00C04F79EFBC}") = "Unity.Timeline", "Unity.Timeline.csproj", "{3c59708f-2307-469c-1b2d-651a4ceda050}"
EndProject
Project("{FAE04EC0-301F-11D3-BF4B-00C04F79EFBC}") = "Unity.Timeline.Editor", "Unity.Timeline.Editor.csproj", "{88ce51f0-9e02-1de3-2553-7c35850e26c4}"
EndProject
Project("{FAE04EC0-301F-11D3-BF4B-00C04F79EFBC}") = "Unity.TextMeshPro.Editor", "Unity.TextMeshPro.Editor.csproj", "{5edadf9f-4461-92dc-8592-9d0c7969bbb2}"
EndProject
Project("{FAE04EC0-301F-11D3-BF4B-00C04F79EFBC}") = "Unity.VisualScripting.Flow", "Unity.VisualScripting.Flow.csproj", "{878927d2-9ef3-0273-bb74-4a900a133942}"
EndProject
Project("{FAE04EC0-301F-11D3-BF4B-00C04F79EFBC}") = "Unity.PlasticSCM.Editor", "Unity.PlasticSCM.Editor.csproj", "{abc22762-81e0-9209-516d-824ec715aa67}"
EndProject
Project("{FAE04EC0-301F-11D3-BF4B-00C04F79EFBC}") = "Unity.VisualScripting.Core", "Unity.VisualScripting.Core.csproj", "{44fb2049-d579-6cd5-340a-2bbda8558718}"
EndProject
Project("{FAE04EC0-301F-11D3-BF4B-00C04F79EFBC}") = "Unity.VisualScripting.Core.Editor", "Unity.VisualScripting.Core.Editor.csproj", "{05b94b59-b734-7109-5fe9-eec66d3a9a9b}"
EndProject
Project("{FAE04EC0-301F-11D3-BF4B-00C04F79EFBC}") = "Unity.VisualScripting.Flow.Editor", "Unity.VisualScripting.Flow.Editor.csproj", "{820da54f-7166-19f2-2cbe-a05161dc0a7d}"
EndProject
Project("{FAE04EC0-301F-11D3-BF4B-00C04F79EFBC}") = "UnityEditor.TestRunner", "UnityEditor.TestRunner.csproj", "{13baee0e-b1f3-5935-3473-3038c236345b}"
EndProject
Project("{FAE04EC0-301F-11D3-BF4B-00C04F79EFBC}") = "Unity.VisualScripting.SettingsProvider.Editor", "Unity.VisualScripting.SettingsProvider.Editor.csproj", "{b2f243e6-eb42-7723-58b6-10422c9d8434}"
EndProject
Project("{FAE04EC0-301F-11D3-BF4B-00C04F79EFBC}") = "UnityEngine.TestRunner", "UnityEngine.TestRunner.csproj", "{3d8b78e3-aff7-44f6-e4af-bd52cb36cb45}"
EndProject
Project("{FAE04EC0-301F-11D3-BF4B-00C04F79EFBC}") = "Unity.VisualStudio.Editor", "Unity.VisualStudio.Editor.csproj", "{f2f25cea-5b47-0f7d-09f8-47559b81aee1}"
EndProject
Project("{FAE04EC0-301F-11D3-BF4B-00C04F79EFBC}") = "Unity.TestTools.CodeCoverage.Editor.OpenCover.Model", "Unity.TestTools.CodeCoverage.Editor.OpenCover.Model.csproj", "{674e37e0-8686-cc98-1214-dd9b91a3216e}"
EndProject
Project("{FAE04EC0-301F-11D3-BF4B-00C04F79EFBC}") = "Unity.Rider.Editor", "Unity.Rider.Editor.csproj", "{00407634-7bfe-08a6-2a5a-34cdc6bae163}"
EndProject
Project("{FAE04EC0-301F-11D3-BF4B-00C04F79EFBC}") = "Unity.VisualScripting.State.Editor", "Unity.VisualScripting.State.Editor.csproj", "{086f1ebb-44da-1694-59ac-972494ec46a5}"
EndProject
Project("{FAE04EC0-301F-11D3-BF4B-00C04F79EFBC}") = "Unity.TestTools.CodeCoverage.Editor", "Unity.TestTools.CodeCoverage.Editor.csproj", "{0bd36d81-8670-5da0-18a7-f34b068a78b2}"
EndProject
Project("{FAE04EC0-301F-11D3-BF4B-00C04F79EFBC}") = "Unity.VisualScripting.State", "Unity.VisualScripting.State.csproj", "{e58ed5c1-a3fa-b6cb-d337-69f1111a49fe}"
EndProject
Project("{FAE04EC0-301F-11D3-BF4B-00C04F79EFBC}") = "Unity.TextMeshPro", "Unity.TextMeshPro.csproj", "{d5342e99-c2f4-c4f1-9bfe-52b15684600c}"
EndProject
Project("{FAE04EC0-301F-11D3-BF4B-00C04F79EFBC}") = "Unity.Performance.Profile-Analyzer.Editor", "Unity.Performance.Profile-Analyzer.Editor.csproj", "{64d52b45-573b-47ac-c7b0-85a81051efe0}"
EndProject
Project("{FAE04EC0-301F-11D3-BF4B-00C04F79EFBC}") = "Unity.VSCode.Editor", "Unity.VSCode.Editor.csproj", "{3e0ff284-5b96-dc97-8470-be15136461e9}"
EndProject
Project("{FAE04EC0-301F-11D3-BF4B-00C04F79EFBC}") = "Unity.TestTools.CodeCoverage.Editor.OpenCover.Mono.Reflection", "Unity.TestTools.CodeCoverage.Editor.OpenCover.Mono.Reflection.csproj", "{e46bfab6-b884-86de-72c3-5e16bfb2b269}"
EndProject
Project("{FAE04EC0-301F-11D3-BF4B-00C04F79EFBC}") = "Unity.Settings.Editor", "Unity.Settings.Editor.csproj", "{4f6f4b3c-8c84-12c5-2761-f9e1647dba0d}"
EndProject
Project("{FAE04EC0-301F-11D3-BF4B-00C04F79EFBC}") = "Unity.EditorCoroutines.Editor", "Unity.EditorCoroutines.Editor.csproj", "{73dface9-d254-54cf-a52e-854b1530a677}"
EndProject
Project("{FAE04EC0-301F-11D3-BF4B-00C04F79EFBC}") = "Unity.VisualScripting.Shared.Editor", "Unity.VisualScripting.Shared.Editor.csproj", "{97cb38a1-aacd-5522-8f7f-8253ac748996}"
EndProject
Project("{FAE04EC0-301F-11D3-BF4B-00C04F79EFBC}") = "Unity.CollabProxy.Editor", "Unity.CollabProxy.Editor.csproj", "{ac34d60f-e601-06cf-ad37-95fb3b9f1837}"
EndProject
Project("{FAE04EC0-301F-11D3-BF4B-00C04F79EFBC}") = "Unity.Timeline", "Unity.Timeline.Player.csproj", "{4785840a-2ce7-7f81-5a0b-dd56ebcc9627}"
EndProject
Project("{FAE04EC0-301F-11D3-BF4B-00C04F79EFBC}") = "Unity.VisualScripting.Flow", "Unity.VisualScripting.Flow.Player.csproj", "{e81dd93e-22e8-1a68-442a-afec0ebfc8f2}"
EndProject
Project("{FAE04EC0-301F-11D3-BF4B-00C04F79EFBC}") = "Unity.VisualScripting.Core", "Unity.VisualScripting.Core.Player.csproj", "{7e27b676-7889-83ad-0a48-ddb701839918}"
EndProject
Project("{FAE04EC0-301F-11D3-BF4B-00C04F79EFBC}") = "UnityEngine.TestRunner", "UnityEngine.TestRunner.Player.csproj", "{0b0f725d-9147-d5d9-d18f-4d7cb06665fd}"
EndProject
Project("{FAE04EC0-301F-11D3-BF4B-00C04F79EFBC}") = "Unity.VisualScripting.State", "Unity.VisualScripting.State.Player.csproj", "{7c700cbf-62eb-e9f0-ac4d-5d3aaba25466}"
EndProject
Project("{FAE04EC0-301F-11D3-BF4B-00C04F79EFBC}") = "Unity.TextMeshPro", "Unity.TextMeshPro.Player.csproj", "{8e32c6bb-6e5d-3eaf-8067-5d8e0127efdc}"
EndProject
Project("{FAE04EC0-301F-11D3-BF4B-00C04F79EFBC}") = "Assembly-CSharp-Editor", "Assembly-CSharp-Editor.csproj", "{593fe052-6bff-db1f-57ab-be4271f42e0a}"
EndProject
Project("{FAE04EC0-301F-11D3-BF4B-00C04F79EFBC}") = "Assembly-CSharp", "Assembly-CSharp.csproj", "{f45608f6-6451-d549-ea99-a5a62bb5168b}"
EndProject
Project("{FAE04EC0-301F-11D3-BF4B-00C04F79EFBC}") = "Unity.TestTools.CodeCoverage.Editor.Compatibility", "Unity.TestTools.CodeCoverage.Editor.Compatibility.csproj", "{b0f28b31-811b-6de5-0d01-9eb4a6987778}"
EndProject
Project("{FAE04EC0-301F-11D3-BF4B-00C04F79EFBC}") = "Unity.TextMeshPro.Editor.Tests", "Unity.TextMeshPro.Editor.Tests.csproj", "{0c5ce9a2-057f-a9a3-8372-894142a43604}"
EndProject
Project("{FAE04EC0-301F-11D3-BF4B-00C04F79EFBC}") = "DocCodeExamples", "DocCodeExamples.csproj", "{c4b3085d-2975-c66d-539c-4765d0f9ac6e}"
EndProject
Project("{FAE04EC0-301F-11D3-BF4B-00C04F79EFBC}") = "Unity.Performance.Profile-Analyzer.EditorTests", "Unity.Performance.Profile-Analyzer.EditorTests.csproj", "{ae9d0cb5-3b09-3ae3-5bbe-9ddea49c539c}"
EndProject
Project("{FAE04EC0-301F-11D3-BF4B-00C04F79EFBC}") = "Unity.Settings.Tests", "Unity.Settings.Tests.csproj", "{4a31741d-6ab9-a77a-bc1b-09d6d5900f9e}"
EndProject
Project("{FAE04EC0-301F-11D3-BF4B-00C04F79EFBC}") = "Unity.TextMeshPro.Tests", "Unity.TextMeshPro.Tests.csproj", "{eca687e6-5d39-4ba2-f9f9-431dcdc87a4a}"
EndProject
Global
	GlobalSection(SolutionConfigurationPlatforms) = preSolution
		Debug|Any CPU = Debug|Any CPU
	EndGlobalSection
	GlobalSection(ProjectConfigurationPlatforms) = postSolution
		{3c59708f-2307-469c-1b2d-651a4ceda050}.Debug|Any CPU.ActiveCfg = Debug|Any CPU
		{3c59708f-2307-469c-1b2d-651a4ceda050}.Debug|Any CPU.Build.0 = Debug|Any CPU
		{88ce51f0-9e02-1de3-2553-7c35850e26c4}.Debug|Any CPU.ActiveCfg = Debug|Any CPU
		{88ce51f0-9e02-1de3-2553-7c35850e26c4}.Debug|Any CPU.Build.0 = Debug|Any CPU
		{5edadf9f-4461-92dc-8592-9d0c7969bbb2}.Debug|Any CPU.ActiveCfg = Debug|Any CPU
		{5edadf9f-4461-92dc-8592-9d0c7969bbb2}.Debug|Any CPU.Build.0 = Debug|Any CPU
		{878927d2-9ef3-0273-bb74-4a900a133942}.Debug|Any CPU.ActiveCfg = Debug|Any CPU
		{878927d2-9ef3-0273-bb74-4a900a133942}.Debug|Any CPU.Build.0 = Debug|Any CPU
		{abc22762-81e0-9209-516d-824ec715aa67}.Debug|Any CPU.ActiveCfg = Debug|Any CPU
		{abc22762-81e0-9209-516d-824ec715aa67}.Debug|Any CPU.Build.0 = Debug|Any CPU
		{44fb2049-d579-6cd5-340a-2bbda8558718}.Debug|Any CPU.ActiveCfg = Debug|Any CPU
		{44fb2049-d579-6cd5-340a-2bbda8558718}.Debug|Any CPU.Build.0 = Debug|Any CPU
		{05b94b59-b734-7109-5fe9-eec66d3a9a9b}.Debug|Any CPU.ActiveCfg = Debug|Any CPU
		{05b94b59-b734-7109-5fe9-eec66d3a9a9b}.Debug|Any CPU.Build.0 = Debug|Any CPU
		{820da54f-7166-19f2-2cbe-a05161dc0a7d}.Debug|Any CPU.ActiveCfg = Debug|Any CPU
		{820da54f-7166-19f2-2cbe-a05161dc0a7d}.Debug|Any CPU.Build.0 = Debug|Any CPU
		{13baee0e-b1f3-5935-3473-3038c236345b}.Debug|Any CPU.ActiveCfg = Debug|Any CPU
		{13baee0e-b1f3-5935-3473-3038c236345b}.Debug|Any CPU.Build.0 = Debug|Any CPU
		{b2f243e6-eb42-7723-58b6-10422c9d8434}.Debug|Any CPU.ActiveCfg = Debug|Any CPU
		{b2f243e6-eb42-7723-58b6-10422c9d8434}.Debug|Any CPU.Build.0 = Debug|Any CPU
		{3d8b78e3-aff7-44f6-e4af-bd52cb36cb45}.Debug|Any CPU.ActiveCfg = Debug|Any CPU
		{3d8b78e3-aff7-44f6-e4af-bd52cb36cb45}.Debug|Any CPU.Build.0 = Debug|Any CPU
		{f2f25cea-5b47-0f7d-09f8-47559b81aee1}.Debug|Any CPU.ActiveCfg = Debug|Any CPU
		{f2f25cea-5b47-0f7d-09f8-47559b81aee1}.Debug|Any CPU.Build.0 = Debug|Any CPU
		{674e37e0-8686-cc98-1214-dd9b91a3216e}.Debug|Any CPU.ActiveCfg = Debug|Any CPU
		{674e37e0-8686-cc98-1214-dd9b91a3216e}.Debug|Any CPU.Build.0 = Debug|Any CPU
		{00407634-7bfe-08a6-2a5a-34cdc6bae163}.Debug|Any CPU.ActiveCfg = Debug|Any CPU
		{00407634-7bfe-08a6-2a5a-34cdc6bae163}.Debug|Any CPU.Build.0 = Debug|Any CPU
		{086f1ebb-44da-1694-59ac-972494ec46a5}.Debug|Any CPU.ActiveCfg = Debug|Any CPU
		{086f1ebb-44da-1694-59ac-972494ec46a5}.Debug|Any CPU.Build.0 = Debug|Any CPU
		{0bd36d81-8670-5da0-18a7-f34b068a78b2}.Debug|Any CPU.ActiveCfg = Debug|Any CPU
		{0bd36d81-8670-5da0-18a7-f34b068a78b2}.Debug|Any CPU.Build.0 = Debug|Any CPU
		{e58ed5c1-a3fa-b6cb-d337-69f1111a49fe}.Debug|Any CPU.ActiveCfg = Debug|Any CPU
		{e58ed5c1-a3fa-b6cb-d337-69f1111a49fe}.Debug|Any CPU.Build.0 = Debug|Any CPU
		{d5342e99-c2f4-c4f1-9bfe-52b15684600c}.Debug|Any CPU.ActiveCfg = Debug|Any CPU
		{d5342e99-c2f4-c4f1-9bfe-52b15684600c}.Debug|Any CPU.Build.0 = Debug|Any CPU
		{64d52b45-573b-47ac-c7b0-85a81051efe0}.Debug|Any CPU.ActiveCfg = Debug|Any CPU
		{64d52b45-573b-47ac-c7b0-85a81051efe0}.Debug|Any CPU.Build.0 = Debug|Any CPU
		{3e0ff284-5b96-dc97-8470-be15136461e9}.Debug|Any CPU.ActiveCfg = Debug|Any CPU
		{3e0ff284-5b96-dc97-8470-be15136461e9}.Debug|Any CPU.Build.0 = Debug|Any CPU
		{e46bfab6-b884-86de-72c3-5e16bfb2b269}.Debug|Any CPU.ActiveCfg = Debug|Any CPU
		{e46bfab6-b884-86de-72c3-5e16bfb2b269}.Debug|Any CPU.Build.0 = Debug|Any CPU
		{4f6f4b3c-8c84-12c5-2761-f9e1647dba0d}.Debug|Any CPU.ActiveCfg = Debug|Any CPU
		{4f6f4b3c-8c84-12c5-2761-f9e1647dba0d}.Debug|Any CPU.Build.0 = Debug|Any CPU
		{73dface9-d254-54cf-a52e-854b1530a677}.Debug|Any CPU.ActiveCfg = Debug|Any CPU
		{73dface9-d254-54cf-a52e-854b1530a677}.Debug|Any CPU.Build.0 = Debug|Any CPU
		{97cb38a1-aacd-5522-8f7f-8253ac748996}.Debug|Any CPU.ActiveCfg = Debug|Any CPU
		{97cb38a1-aacd-5522-8f7f-8253ac748996}.Debug|Any CPU.Build.0 = Debug|Any CPU
		{ac34d60f-e601-06cf-ad37-95fb3b9f1837}.Debug|Any CPU.ActiveCfg = Debug|Any CPU
		{ac34d60f-e601-06cf-ad37-95fb3b9f1837}.Debug|Any CPU.Build.0 = Debug|Any CPU
		{4785840a-2ce7-7f81-5a0b-dd56ebcc9627}.Debug|Any CPU.ActiveCfg = Debug|Any CPU
		{4785840a-2ce7-7f81-5a0b-dd56ebcc9627}.Debug|Any CPU.Build.0 = Debug|Any CPU
		{e81dd93e-22e8-1a68-442a-afec0ebfc8f2}.Debug|Any CPU.ActiveCfg = Debug|Any CPU
		{e81dd93e-22e8-1a68-442a-afec0ebfc8f2}.Debug|Any CPU.Build.0 = Debug|Any CPU
		{7e27b676-7889-83ad-0a48-ddb701839918}.Debug|Any CPU.ActiveCfg = Debug|Any CPU
		{7e27b676-7889-83ad-0a48-ddb701839918}.Debug|Any CPU.Build.0 = Debug|Any CPU
		{0b0f725d-9147-d5d9-d18f-4d7cb06665fd}.Debug|Any CPU.ActiveCfg = Debug|Any CPU
		{0b0f725d-9147-d5d9-d18f-4d7cb06665fd}.Debug|Any CPU.Build.0 = Debug|Any CPU
		{7c700cbf-62eb-e9f0-ac4d-5d3aaba25466}.Debug|Any CPU.ActiveCfg = Debug|Any CPU
		{7c700cbf-62eb-e9f0-ac4d-5d3aaba25466}.Debug|Any CPU.Build.0 = Debug|Any CPU
		{8e32c6bb-6e5d-3eaf-8067-5d8e0127efdc}.Debug|Any CPU.ActiveCfg = Debug|Any CPU
		{8e32c6bb-6e5d-3eaf-8067-5d8e0127efdc}.Debug|Any CPU.Build.0 = Debug|Any CPU
		{593fe052-6bff-db1f-57ab-be4271f42e0a}.Debug|Any CPU.ActiveCfg = Debug|Any CPU
		{593fe052-6bff-db1f-57ab-be4271f42e0a}.Debug|Any CPU.Build.0 = Debug|Any CPU
		{f45608f6-6451-d549-ea99-a5a62bb5168b}.Debug|Any CPU.ActiveCfg = Debug|Any CPU
		{f45608f6-6451-d549-ea99-a5a62bb5168b}.Debug|Any CPU.Build.0 = Debug|Any CPU
		{b0f28b31-811b-6de5-0d01-9eb4a6987778}.Debug|Any CPU.ActiveCfg = Debug|Any CPU
		{b0f28b31-811b-6de5-0d01-9eb4a6987778}.Debug|Any CPU.Build.0 = Debug|Any CPU
		{0c5ce9a2-057f-a9a3-8372-894142a43604}.Debug|Any CPU.ActiveCfg = Debug|Any CPU
		{0c5ce9a2-057f-a9a3-8372-894142a43604}.Debug|Any CPU.Build.0 = Debug|Any CPU
		{c4b3085d-2975-c66d-539c-4765d0f9ac6e}.Debug|Any CPU.ActiveCfg = Debug|Any CPU
		{c4b3085d-2975-c66d-539c-4765d0f9ac6e}.Debug|Any CPU.Build.0 = Debug|Any CPU
		{ae9d0cb5-3b09-3ae3-5bbe-9ddea49c539c}.Debug|Any CPU.ActiveCfg = Debug|Any CPU
		{ae9d0cb5-3b09-3ae3-5bbe-9ddea49c539c}.Debug|Any CPU.Build.0 = Debug|Any CPU
		{4a31741d-6ab9-a77a-bc1b-09d6d5900f9e}.Debug|Any CPU.ActiveCfg = Debug|Any CPU
		{4a31741d-6ab9-a77a-bc1b-09d6d5900f9e}.Debug|Any CPU.Build.0 = Debug|Any CPU
		{eca687e6-5d39-4ba2-f9f9-431dcdc87a4a}.Debug|Any CPU.ActiveCfg = Debug|Any CPU
		{eca687e6-5d39-4ba2-f9f9-431dcdc87a4a}.Debug|Any CPU.Build.0 = Debug|Any CPU
	EndGlobalSection
	GlobalSection(SolutionProperties) = preSolution
		HideSolutionNode = FALSE
	EndGlobalSection
EndGlobal
